{
  "nodes": {
    "nixpkgs": {
      "locked": {
        "lastModified": 1780141933,
        "narHash": "sha256-jVLV3hOkTgLf7fmjKAlkUo2nwl8eIoppnYBG7P+3vxE=",
        "owner": "NixOS",
        "repo": "nixpkgs",
        "rev": "ce0fb89e80f7351c5054e00edca2e617f0866714",
        "type": "github"
      },
      "original": {
        "owner": "NixOS",
        "ref": "nixos-unstable-small",
        "repo": "nixpkgs",
        "type": "github"
      }
    },
    "root": {
      "inputs": {
        "nixpkgs": "nixpkgs"
      }
    }
  },
  "root": "root",
  "version": 7
}
